
Microsoft Visual Studio Solution File, Format Version 12.00
# Visual Studio 15
VisualStudioVersion = 15.0.28307.1267
MinimumVisualStudioVersion = 10.0.40219.1
Project("{FAE04EC0-301F-11D3-BF4B-00C04F79EFBC}") = "ClassMetotDemo", "ClassMetotDemo\ClassMetotDemo.csproj", "{D71071EB-9EBC-45FD-8A92-B739E844C095}"
EndProject
Global
	GlobalSection(SolutionConfigurationPlatforms) = preSolution
		Debug|Any CPU = Debug|Any CPU
		Release|Any CPU = Release|Any CPU
	EndGlobalSection
	GlobalSection(ProjectConfigurationPlatforms) = postSolution
		{D71071EB-9EBC-45FD-8A92-B739E844C095}.Debug|Any CPU.ActiveCfg = Debug|Any CPU
		{D71071EB-9EBC-45FD-8A92-B739E844C095}.Debug|Any CPU.Build.0 = Debug|Any CPU
		{D71071EB-9EBC-45FD-8A92-B739E844C095}.Release|Any CPU.ActiveCfg = Release|Any CPU
		{D71071EB-9EBC-45FD-8A92-B739E844C095}.Release|Any CPU.Build.0 = Release|Any CPU
	EndGlobalSection
	GlobalSection(SolutionProperties) = preSolution
		HideSolutionNode = FALSE
	EndGlobalSection
	GlobalSection(ExtensibilityGlobals) = postSolution
		SolutionGuid = {A20E6D29-4FF5-4D26-9AA3-BE820B92784E}
	EndGlobalSection
EndGlobal
